
Microsoft Visual Studio Solution File, Format Version 12.00
# Visual Studio Version 17
VisualStudioVersion = 17.10.35004.147
MinimumVisualStudioVersion = 10.0.40219.1
Project("{9A19103F-16F7-4668-BE54-9A1E7A4F7556}") = "TariffComparisionModel", "TariffComparisionModel\TariffComparisionModel.csproj", "{3DD2FB3B-3034-45A9-BE4C-C5D43A26E6A8}"
EndProject
Project("{FAE04EC0-301F-11D3-BF4B-00C04F79EFBC}") = "TariffComparisionModel.API", "TariffComparisionModel.API\TariffComparisionModel.API.csproj", "{D7FEDF21-573C-4ED9-A3CA-06FC03749B3F}"
EndProject
Project("{9A19103F-16F7-4668-BE54-9A1E7A4F7556}") = "TariffComparisionModel.Test", "TariffComparisionModel.Test\TariffComparisionModel.Test.csproj", "{9CC68E16-3FBA-4CBB-89EE-E2B0BBA1C484}"
EndProject
Global
	GlobalSection(SolutionConfigurationPlatforms) = preSolution
		Debug|Any CPU = Debug|Any CPU
		Release|Any CPU = Release|Any CPU
	EndGlobalSection
	GlobalSection(ProjectConfigurationPlatforms) = postSolution
		{3DD2FB3B-3034-45A9-BE4C-C5D43A26E6A8}.Debug|Any CPU.ActiveCfg = Debug|Any CPU
		{3DD2FB3B-3034-45A9-BE4C-C5D43A26E6A8}.Debug|Any CPU.Build.0 = Debug|Any CPU
		{3DD2FB3B-3034-45A9-BE4C-C5D43A26E6A8}.Release|Any CPU.ActiveCfg = Release|Any CPU
		{3DD2FB3B-3034-45A9-BE4C-C5D43A26E6A8}.Release|Any CPU.Build.0 = Release|Any CPU
		{D7FEDF21-573C-4ED9-A3CA-06FC03749B3F}.Debug|Any CPU.ActiveCfg = Debug|Any CPU
		{D7FEDF21-573C-4ED9-A3CA-06FC03749B3F}.Debug|Any CPU.Build.0 = Debug|Any CPU
		{D7FEDF21-573C-4ED9-A3CA-06FC03749B3F}.Release|Any CPU.ActiveCfg = Release|Any CPU
		{D7FEDF21-573C-4ED9-A3CA-06FC03749B3F}.Release|Any CPU.Build.0 = Release|Any CPU
		{9CC68E16-3FBA-4CBB-89EE-E2B0BBA1C484}.Debug|Any CPU.ActiveCfg = Debug|Any CPU
		{9CC68E16-3FBA-4CBB-89EE-E2B0BBA1C484}.Debug|Any CPU.Build.0 = Debug|Any CPU
		{9CC68E16-3FBA-4CBB-89EE-E2B0BBA1C484}.Release|Any CPU.ActiveCfg = Release|Any CPU
		{9CC68E16-3FBA-4CBB-89EE-E2B0BBA1C484}.Release|Any CPU.Build.0 = Release|Any CPU
	EndGlobalSection
	GlobalSection(SolutionProperties) = preSolution
		HideSolutionNode = FALSE
	EndGlobalSection
	GlobalSection(ExtensibilityGlobals) = postSolution
		SolutionGuid = {B4214D1A-55CE-4B0A-A801-D5D69923B3D6}
	EndGlobalSection
EndGlobal
